{
  "object": {
    "pins": [
      {
        "package": "CSV.swift",
        "repositoryURL": "https://github.com/yaslab/CSV.swift",
        "state": {
          "branch": null,
          "revision": "81d2874c51db364d7e1d71b0d99018a294c87ac1",
          "version": "2.4.3"
        }
      },
      {
        "package": "ISO8859",
        "repositoryURL": "https://github.com/Cosmo/ISO8859.git",
        "state": {
          "branch": null,
          "revision": "843b4fae6c0a3691121492a6d9ef22e34c6953a9",
          "version": "1.1.0"
        }
      },
      {
        "package": "KeychainAccess",
        "repositoryURL": "https://github.com/kishikawakatsumi/KeychainAccess.git",
        "state": {
          "branch": null,
          "revision": "8d33ffd6f74b3bcfc99af759d4204c6395a3f918",
          "version": "3.2.1"
        }
      },
      {
        "package": "WineCellar",
        "repositoryURL": "https://github.com/rodericj/WineCellar.git",
        "state": {
          "branch": null,
          "revision": "2c0269681089c4f280faee1cfa1e841c09295638",
          "version": null
        }
      },
      {
        "package": "WineRegionLib",
        "repositoryURL": "git@github.com:rodericj/WineRegionLib.git",
        "state": {
          "branch": "main",
          "revision": "77fb58813a796c17c671f1f92a93c7ca5ba42827",
          "version": null
        }
      }
    ]
  },
  "version": 1
}
