// !$*UTF8*$!
{
	archiveVersion = 1;
	classes = {
	};
	objectVersion = 52;
	objects = {

/* Begin PBXBuildFile section */
		5F017AA02595A62300AE92A8 /* WineRegionLib in Frameworks */ = {isa = PBXBuildFile; productRef = 5F017A9F2595A62300AE92A8 /* WineRegionLib */; };
		5F017AA92595A71600AE92A8 /* WineCellar in Frameworks */ = {isa = PBXBuildFile; productRef = 5F017AA82595A71600AE92A8 /* WineCellar */; };
		5F08FA5C257EA3AB00D4DBF2 /* MapView.swift in Sources */ = {isa = PBXBuildFile; fileRef = 5FB2381E2572228300F69FE5 /* MapView.swift */; };
		5F10287525959F1B003A1121 /* newCalifornia.json in Resources */ = {isa = PBXBuildFile; fileRef = 5F0CC61C2592692D00DE2222 /* newCalifornia.json */; };
		5F117A1125959FD300926ABC /* newItaly.json in Resources */ = {isa = PBXBuildFile; fileRef = 5F117A1025959FD300926ABC /* newItaly.json */; };
		5F2AB7A02589E65B00E776D2 /* ExpandableButtonPanel.swift in Sources */ = {isa = PBXBuildFile; fileRef = 5F6B6AFD258879130078CE7A /* ExpandableButtonPanel.swift */; };
		5F345CBE2587211E00A88EF6 /* RegionNavigation.swift in Sources */ = {isa = PBXBuildFile; fileRef = 5F345CBD2587211E00A88EF6 /* RegionNavigation.swift */; };
		5F345CC72587219500A88EF6 /* RegionList.swift in Sources */ = {isa = PBXBuildFile; fileRef = 5F345CC62587219500A88EF6 /* RegionList.swift */; };
		5F345CD425872AC000A88EF6 /* SearchBar.swift in Sources */ = {isa = PBXBuildFile; fileRef = 5FE9A0B32570D98D00DB353B /* SearchBar.swift */; };
		5F58CDCD257B61AF005C4F5A /* BottleHelper.swift in Sources */ = {isa = PBXBuildFile; fileRef = 5F58CDCC257B61AF005C4F5A /* BottleHelper.swift */; };
		5F58CDD5257C9181005C4F5A /* WineMapView.swift in Sources */ = {isa = PBXBuildFile; fileRef = 5F58CDD4257C9180005C4F5A /* WineMapView.swift */; };
		5F6B6AF525886EF80078CE7A /* ExternalTileOverlay.swift in Sources */ = {isa = PBXBuildFile; fileRef = 5F6B6AF425886EF80078CE7A /* ExternalTileOverlay.swift */; };
		5F6B6AF625886EF80078CE7A /* ExternalTileOverlay.swift in Sources */ = {isa = PBXBuildFile; fileRef = 5F6B6AF425886EF80078CE7A /* ExternalTileOverlay.swift */; };
		5F6B6AFE258879130078CE7A /* ExpandableButtonPanel.swift in Sources */ = {isa = PBXBuildFile; fileRef = 5F6B6AFD258879130078CE7A /* ExpandableButtonPanel.swift */; };
		5F83532A256D96A600C2345F /* AppDelegate.swift in Sources */ = {isa = PBXBuildFile; fileRef = 5F835329256D96A600C2345F /* AppDelegate.swift */; };
		5F83532C256D96A600C2345F /* SceneDelegate.swift in Sources */ = {isa = PBXBuildFile; fileRef = 5F83532B256D96A600C2345F /* SceneDelegate.swift */; };
		5F83532E256D96A600C2345F /* LoginView.swift in Sources */ = {isa = PBXBuildFile; fileRef = 5F83532D256D96A600C2345F /* LoginView.swift */; };
		5F835330256D96AA00C2345F /* Assets.xcassets in Resources */ = {isa = PBXBuildFile; fileRef = 5F83532F256D96AA00C2345F /* Assets.xcassets */; };
		5F835333256D96AA00C2345F /* Preview Assets.xcassets in Resources */ = {isa = PBXBuildFile; fileRef = 5F835332256D96AA00C2345F /* Preview Assets.xcassets */; };
		5F835336256D96AA00C2345F /* LaunchScreen.storyboard in Resources */ = {isa = PBXBuildFile; fileRef = 5F835334256D96AA00C2345F /* LaunchScreen.storyboard */; };
		5F835341256D96AA00C2345F /* WineCellarAppTests.swift in Sources */ = {isa = PBXBuildFile; fileRef = 5F835340256D96AA00C2345F /* WineCellarAppTests.swift */; };
		5F83534C256D96AA00C2345F /* WineCellarAppUITests.swift in Sources */ = {isa = PBXBuildFile; fileRef = 5F83534B256D96AA00C2345F /* WineCellarAppUITests.swift */; };
		5F835366256D9B3100C2345F /* WineBottleNav.swift in Sources */ = {isa = PBXBuildFile; fileRef = 5F835365256D9B3100C2345F /* WineBottleNav.swift */; };
		5F83536B256DB5E800C2345F /* BottleRow.swift in Sources */ = {isa = PBXBuildFile; fileRef = 5F83536A256DB5E800C2345F /* BottleRow.swift */; };
		5F835378256DC9EE00C2345F /* ContentView.swift in Sources */ = {isa = PBXBuildFile; fileRef = 5F835377256DC9EE00C2345F /* ContentView.swift */; };
		5F835381256E1B1C00C2345F /* BottleDetail.swift in Sources */ = {isa = PBXBuildFile; fileRef = 5F835380256E1B1C00C2345F /* BottleDetail.swift */; };
		5F835386256E1DAC00C2345F /* BottleTextContent.swift in Sources */ = {isa = PBXBuildFile; fileRef = 5F835385256E1DAC00C2345F /* BottleTextContent.swift */; };
		5FB2381F2572228400F69FE5 /* MapView.swift in Sources */ = {isa = PBXBuildFile; fileRef = 5FB2381E2572228300F69FE5 /* MapView.swift */; };
		5FE9A0B42570D98D00DB353B /* SearchBar.swift in Sources */ = {isa = PBXBuildFile; fileRef = 5FE9A0B32570D98D00DB353B /* SearchBar.swift */; };
		5FFBFF67257EA27D0088BFE2 /* AppDelegate.swift in Sources */ = {isa = PBXBuildFile; fileRef = 5FFBFF66257EA27D0088BFE2 /* AppDelegate.swift */; };
		5FFBFF69257EA27D0088BFE2 /* SceneDelegate.swift in Sources */ = {isa = PBXBuildFile; fileRef = 5FFBFF68257EA27D0088BFE2 /* SceneDelegate.swift */; };
		5FFBFF6B257EA27D0088BFE2 /* ContentView.swift in Sources */ = {isa = PBXBuildFile; fileRef = 5FFBFF6A257EA27D0088BFE2 /* ContentView.swift */; };
		5FFBFF6D257EA27E0088BFE2 /* Assets.xcassets in Resources */ = {isa = PBXBuildFile; fileRef = 5FFBFF6C257EA27E0088BFE2 /* Assets.xcassets */; };
		5FFBFF70257EA27E0088BFE2 /* Preview Assets.xcassets in Resources */ = {isa = PBXBuildFile; fileRef = 5FFBFF6F257EA27E0088BFE2 /* Preview Assets.xcassets */; };
		5FFBFF73257EA27E0088BFE2 /* LaunchScreen.storyboard in Resources */ = {isa = PBXBuildFile; fileRef = 5FFBFF71257EA27E0088BFE2 /* LaunchScreen.storyboard */; };
		5FFBFF7E257EA27E0088BFE2 /* WineRegionsAppTests.swift in Sources */ = {isa = PBXBuildFile; fileRef = 5FFBFF7D257EA27E0088BFE2 /* WineRegionsAppTests.swift */; };
		5FFBFF89257EA27E0088BFE2 /* WineRegionsAppUITests.swift in Sources */ = {isa = PBXBuildFile; fileRef = 5FFBFF88257EA27E0088BFE2 /* WineRegionsAppUITests.swift */; };
		5FFBFFA2257EA3240088BFE2 /* WineMapView.swift in Sources */ = {isa = PBXBuildFile; fileRef = 5F58CDD4257C9180005C4F5A /* WineMapView.swift */; };
/* End PBXBuildFile section */

/* Begin PBXContainerItemProxy section */
		5F83533D256D96AA00C2345F /* PBXContainerItemProxy */ = {
			isa = PBXContainerItemProxy;
			containerPortal = 5F83531E256D96A600C2345F /* Project object */;
			proxyType = 1;
			remoteGlobalIDString = 5F835325256D96A600C2345F;
			remoteInfo = WineCellarApp;
		};
		5F835348256D96AA00C2345F /* PBXContainerItemProxy */ = {
			isa = PBXContainerItemProxy;
			containerPortal = 5F83531E256D96A600C2345F /* Project object */;
			proxyType = 1;
			remoteGlobalIDString = 5F835325256D96A600C2345F;
			remoteInfo = WineCellarApp;
		};
		5FFBFF7A257EA27E0088BFE2 /* PBXContainerItemProxy */ = {
			isa = PBXContainerItemProxy;
			containerPortal = 5F83531E256D96A600C2345F /* Project object */;
			proxyType = 1;
			remoteGlobalIDString = 5FFBFF63257EA27D0088BFE2;
			remoteInfo = WineRegionsApp;
		};
		5FFBFF85257EA27E0088BFE2 /* PBXContainerItemProxy */ = {
			isa = PBXContainerItemProxy;
			containerPortal = 5F83531E256D96A600C2345F /* Project object */;
			proxyType = 1;
			remoteGlobalIDString = 5FFBFF63257EA27D0088BFE2;
			remoteInfo = WineRegionsApp;
		};
/* End PBXContainerItemProxy section */

/* Begin PBXFileReference section */
		5F0CC61C2592692D00DE2222 /* newCalifornia.json */ = {isa = PBXFileReference; fileEncoding = 4; lastKnownFileType = text.json; name = newCalifornia.json; path = media/newCalifornia.json; sourceTree = "<group>"; };
		5F117A1025959FD300926ABC /* newItaly.json */ = {isa = PBXFileReference; fileEncoding = 4; lastKnownFileType = text.json; name = newItaly.json; path = WineCellarApp/newItaly.json; sourceTree = "<group>"; };
		5F345CBD2587211E00A88EF6 /* RegionNavigation.swift */ = {isa = PBXFileReference; lastKnownFileType = sourcecode.swift; path = RegionNavigation.swift; sourceTree = "<group>"; };
		5F345CC62587219500A88EF6 /* RegionList.swift */ = {isa = PBXFileReference; lastKnownFileType = sourcecode.swift; path = RegionList.swift; sourceTree = "<group>"; };
		5F58CDCC257B61AF005C4F5A /* BottleHelper.swift */ = {isa = PBXFileReference; lastKnownFileType = sourcecode.swift; path = BottleHelper.swift; sourceTree = "<group>"; };
		5F58CDD4257C9180005C4F5A /* WineMapView.swift */ = {isa = PBXFileReference; lastKnownFileType = sourcecode.swift; path = WineMapView.swift; sourceTree = "<group>"; };
		5F6B6AF425886EF80078CE7A /* ExternalTileOverlay.swift */ = {isa = PBXFileReference; lastKnownFileType = sourcecode.swift; path = ExternalTileOverlay.swift; sourceTree = "<group>"; };
		5F6B6AFD258879130078CE7A /* ExpandableButtonPanel.swift */ = {isa = PBXFileReference; lastKnownFileType = sourcecode.swift; path = ExpandableButtonPanel.swift; sourceTree = "<group>"; };
		5F835326256D96A600C2345F /* WineCellarApp.app */ = {isa = PBXFileReference; explicitFileType = wrapper.application; includeInIndex = 0; path = WineCellarApp.app; sourceTree = BUILT_PRODUCTS_DIR; };
		5F835329256D96A600C2345F /* AppDelegate.swift */ = {isa = PBXFileReference; lastKnownFileType = sourcecode.swift; path = AppDelegate.swift; sourceTree = "<group>"; };
		5F83532B256D96A600C2345F /* SceneDelegate.swift */ = {isa = PBXFileReference; lastKnownFileType = sourcecode.swift; path = SceneDelegate.swift; sourceTree = "<group>"; };
		5F83532D256D96A600C2345F /* LoginView.swift */ = {isa = PBXFileReference; lastKnownFileType = sourcecode.swift; path = LoginView.swift; sourceTree = "<group>"; };
		5F83532F256D96AA00C2345F /* Assets.xcassets */ = {isa = PBXFileReference; lastKnownFileType = folder.assetcatalog; path = Assets.xcassets; sourceTree = "<group>"; };
		5F835332256D96AA00C2345F /* Preview Assets.xcassets */ = {isa = PBXFileReference; lastKnownFileType = folder.assetcatalog; path = "Preview Assets.xcassets"; sourceTree = "<group>"; };
		5F835335256D96AA00C2345F /* Base */ = {isa = PBXFileReference; lastKnownFileType = file.storyboard; name = Base; path = Base.lproj/LaunchScreen.storyboard; sourceTree = "<group>"; };
		5F835337256D96AA00C2345F /* Info.plist */ = {isa = PBXFileReference; lastKnownFileType = text.plist.xml; path = Info.plist; sourceTree = "<group>"; };
		5F83533C256D96AA00C2345F /* WineCellarAppTests.xctest */ = {isa = PBXFileReference; explicitFileType = wrapper.cfbundle; includeInIndex = 0; path = WineCellarAppTests.xctest; sourceTree = BUILT_PRODUCTS_DIR; };
		5F835340256D96AA00C2345F /* WineCellarAppTests.swift */ = {isa = PBXFileReference; lastKnownFileType = sourcecode.swift; path = WineCellarAppTests.swift; sourceTree = "<group>"; };
		5F835342256D96AA00C2345F /* Info.plist */ = {isa = PBXFileReference; lastKnownFileType = text.plist.xml; path = Info.plist; sourceTree = "<group>"; };
		5F835347256D96AA00C2345F /* WineCellarAppUITests.xctest */ = {isa = PBXFileReference; explicitFileType = wrapper.cfbundle; includeInIndex = 0; path = WineCellarAppUITests.xctest; sourceTree = BUILT_PRODUCTS_DIR; };
		5F83534B256D96AA00C2345F /* WineCellarAppUITests.swift */ = {isa = PBXFileReference; lastKnownFileType = sourcecode.swift; path = WineCellarAppUITests.swift; sourceTree = "<group>"; };
		5F83534D256D96AA00C2345F /* Info.plist */ = {isa = PBXFileReference; lastKnownFileType = text.plist.xml; path = Info.plist; sourceTree = "<group>"; };
		5F835365256D9B3100C2345F /* WineBottleNav.swift */ = {isa = PBXFileReference; lastKnownFileType = sourcecode.swift; path = WineBottleNav.swift; sourceTree = "<group>"; };
		5F83536A256DB5E800C2345F /* BottleRow.swift */ = {isa = PBXFileReference; lastKnownFileType = sourcecode.swift; path = BottleRow.swift; sourceTree = "<group>"; };
		5F835377256DC9EE00C2345F /* ContentView.swift */ = {isa = PBXFileReference; fileEncoding = 4; lastKnownFileType = sourcecode.swift; path = ContentView.swift; sourceTree = "<group>"; };
		5F835380256E1B1C00C2345F /* BottleDetail.swift */ = {isa = PBXFileReference; lastKnownFileType = sourcecode.swift; path = BottleDetail.swift; sourceTree = "<group>"; };
		5F835385256E1DAC00C2345F /* BottleTextContent.swift */ = {isa = PBXFileReference; lastKnownFileType = sourcecode.swift; path = BottleTextContent.swift; sourceTree = "<group>"; };
		5FB2381E2572228300F69FE5 /* MapView.swift */ = {isa = PBXFileReference; lastKnownFileType = sourcecode.swift; path = MapView.swift; sourceTree = "<group>"; };
		5FE9A0B32570D98D00DB353B /* SearchBar.swift */ = {isa = PBXFileReference; lastKnownFileType = sourcecode.swift; path = SearchBar.swift; sourceTree = "<group>"; };
		5FFBFF64257EA27D0088BFE2 /* WineRegionsApp.app */ = {isa = PBXFileReference; explicitFileType = wrapper.application; includeInIndex = 0; path = WineRegionsApp.app; sourceTree = BUILT_PRODUCTS_DIR; };
		5FFBFF66257EA27D0088BFE2 /* AppDelegate.swift */ = {isa = PBXFileReference; lastKnownFileType = sourcecode.swift; path = AppDelegate.swift; sourceTree = "<group>"; };
		5FFBFF68257EA27D0088BFE2 /* SceneDelegate.swift */ = {isa = PBXFileReference; lastKnownFileType = sourcecode.swift; path = SceneDelegate.swift; sourceTree = "<group>"; };
		5FFBFF6A257EA27D0088BFE2 /* ContentView.swift */ = {isa = PBXFileReference; lastKnownFileType = sourcecode.swift; path = ContentView.swift; sourceTree = "<group>"; };
		5FFBFF6C257EA27E0088BFE2 /* Assets.xcassets */ = {isa = PBXFileReference; lastKnownFileType = folder.assetcatalog; path = Assets.xcassets; sourceTree = "<group>"; };
		5FFBFF6F257EA27E0088BFE2 /* Preview Assets.xcassets */ = {isa = PBXFileReference; lastKnownFileType = folder.assetcatalog; path = "Preview Assets.xcassets"; sourceTree = "<group>"; };
		5FFBFF72257EA27E0088BFE2 /* Base */ = {isa = PBXFileReference; lastKnownFileType = file.storyboard; name = Base; path = Base.lproj/LaunchScreen.storyboard; sourceTree = "<group>"; };
		5FFBFF74257EA27E0088BFE2 /* Info.plist */ = {isa = PBXFileReference; lastKnownFileType = text.plist.xml; path = Info.plist; sourceTree = "<group>"; };
		5FFBFF79257EA27E0088BFE2 /* WineRegionsAppTests.xctest */ = {isa = PBXFileReference; explicitFileType = wrapper.cfbundle; includeInIndex = 0; path = WineRegionsAppTests.xctest; sourceTree = BUILT_PRODUCTS_DIR; };
		5FFBFF7D257EA27E0088BFE2 /* WineRegionsAppTests.swift */ = {isa = PBXFileReference; lastKnownFileType = sourcecode.swift; path = WineRegionsAppTests.swift; sourceTree = "<group>"; };
		5FFBFF7F257EA27E0088BFE2 /* Info.plist */ = {isa = PBXFileReference; lastKnownFileType = text.plist.xml; path = Info.plist; sourceTree = "<group>"; };
		5FFBFF84257EA27E0088BFE2 /* WineRegionsAppUITests.xctest */ = {isa = PBXFileReference; explicitFileType = wrapper.cfbundle; includeInIndex = 0; path = WineRegionsAppUITests.xctest; sourceTree = BUILT_PRODUCTS_DIR; };
		5FFBFF88257EA27E0088BFE2 /* WineRegionsAppUITests.swift */ = {isa = PBXFileReference; lastKnownFileType = sourcecode.swift; path = WineRegionsAppUITests.swift; sourceTree = "<group>"; };
		5FFBFF8A257EA27E0088BFE2 /* Info.plist */ = {isa = PBXFileReference; lastKnownFileType = text.plist.xml; path = Info.plist; sourceTree = "<group>"; };
/* End PBXFileReference section */

/* Begin PBXFrameworksBuildPhase section */
		5F835323256D96A600C2345F /* Frameworks */ = {
			isa = PBXFrameworksBuildPhase;
			buildActionMask = 2147483647;
			files = (
				5F017AA92595A71600AE92A8 /* WineCellar in Frameworks */,
			);
			runOnlyForDeploymentPostprocessing = 0;
		};
		5F835339256D96AA00C2345F /* Frameworks */ = {
			isa = PBXFrameworksBuildPhase;
			buildActionMask = 2147483647;
			files = (
			);
			runOnlyForDeploymentPostprocessing = 0;
		};
		5F835344256D96AA00C2345F /* Frameworks */ = {
			isa = PBXFrameworksBuildPhase;
			buildActionMask = 2147483647;
			files = (
			);
			runOnlyForDeploymentPostprocessing = 0;
		};
		5FFBFF61257EA27D0088BFE2 /* Frameworks */ = {
			isa = PBXFrameworksBuildPhase;
			buildActionMask = 2147483647;
			files = (
				5F017AA02595A62300AE92A8 /* WineRegionLib in Frameworks */,
			);
			runOnlyForDeploymentPostprocessing = 0;
		};
		5FFBFF76257EA27E0088BFE2 /* Frameworks */ = {
			isa = PBXFrameworksBuildPhase;
			buildActionMask = 2147483647;
			files = (
			);
			runOnlyForDeploymentPostprocessing = 0;
		};
		5FFBFF81257EA27E0088BFE2 /* Frameworks */ = {
			isa = PBXFrameworksBuildPhase;
			buildActionMask = 2147483647;
			files = (
			);
			runOnlyForDeploymentPostprocessing = 0;
		};
/* End PBXFrameworksBuildPhase section */

/* Begin PBXGroup section */
		5F345CC52587217900A88EF6 /* Views */ = {
			isa = PBXGroup;
			children = (
				5F345CBD2587211E00A88EF6 /* RegionNavigation.swift */,
				5F345CC62587219500A88EF6 /* RegionList.swift */,
				5F6B6AFD258879130078CE7A /* ExpandableButtonPanel.swift */,
			);
			path = Views;
			sourceTree = "<group>";
		};
		5F58CDA725786ED9005C4F5A /* Frameworks */ = {
			isa = PBXGroup;
			children = (
			);
			name = Frameworks;
			sourceTree = "<group>";
		};
		5F58CDCB257B61A4005C4F5A /* Helpers */ = {
			isa = PBXGroup;
			children = (
				5F58CDCC257B61AF005C4F5A /* BottleHelper.swift */,
				5F6B6AF425886EF80078CE7A /* ExternalTileOverlay.swift */,
			);
			path = Helpers;
			sourceTree = "<group>";
		};
		5F83531D256D96A600C2345F = {
			isa = PBXGroup;
			children = (
				5F117A1025959FD300926ABC /* newItaly.json */,
				5F0CC61C2592692D00DE2222 /* newCalifornia.json */,
				5F835328256D96A600C2345F /* WineCellarApp */,
				5F83533F256D96AA00C2345F /* WineCellarAppTests */,
				5F83534A256D96AA00C2345F /* WineCellarAppUITests */,
				5FFBFF65257EA27D0088BFE2 /* WineRegionsApp */,
				5FFBFF7C257EA27E0088BFE2 /* WineRegionsAppTests */,
				5FFBFF87257EA27E0088BFE2 /* WineRegionsAppUITests */,
				5F835327256D96A600C2345F /* Products */,
				5F58CDA725786ED9005C4F5A /* Frameworks */,
			);
			sourceTree = "<group>";
		};
		5F835327256D96A600C2345F /* Products */ = {
			isa = PBXGroup;
			children = (
				5F835326256D96A600C2345F /* WineCellarApp.app */,
				5F83533C256D96AA00C2345F /* WineCellarAppTests.xctest */,
				5F835347256D96AA00C2345F /* WineCellarAppUITests.xctest */,
				5FFBFF64257EA27D0088BFE2 /* WineRegionsApp.app */,
				5FFBFF79257EA27E0088BFE2 /* WineRegionsAppTests.xctest */,
				5FFBFF84257EA27E0088BFE2 /* WineRegionsAppUITests.xctest */,
			);
			name = Products;
			sourceTree = "<group>";
		};
		5F835328256D96A600C2345F /* WineCellarApp */ = {
			isa = PBXGroup;
			children = (
				5F58CDCB257B61A4005C4F5A /* Helpers */,
				5F83537C256E1B1100C2345F /* Views */,
				5F835329256D96A600C2345F /* AppDelegate.swift */,
				5F83532B256D96A600C2345F /* SceneDelegate.swift */,
				5F83532F256D96AA00C2345F /* Assets.xcassets */,
				5F835334256D96AA00C2345F /* LaunchScreen.storyboard */,
				5F835337256D96AA00C2345F /* Info.plist */,
				5F835331256D96AA00C2345F /* Preview Content */,
			);
			path = WineCellarApp;
			sourceTree = "<group>";
		};
		5F835331256D96AA00C2345F /* Preview Content */ = {
			isa = PBXGroup;
			children = (
				5F835332256D96AA00C2345F /* Preview Assets.xcassets */,
			);
			path = "Preview Content";
			sourceTree = "<group>";
		};
		5F83533F256D96AA00C2345F /* WineCellarAppTests */ = {
			isa = PBXGroup;
			children = (
				5F835340256D96AA00C2345F /* WineCellarAppTests.swift */,
				5F835342256D96AA00C2345F /* Info.plist */,
			);
			path = WineCellarAppTests;
			sourceTree = "<group>";
		};
		5F83534A256D96AA00C2345F /* WineCellarAppUITests */ = {
			isa = PBXGroup;
			children = (
				5F83534B256D96AA00C2345F /* WineCellarAppUITests.swift */,
				5F83534D256D96AA00C2345F /* Info.plist */,
			);
			path = WineCellarAppUITests;
			sourceTree = "<group>";
		};
		5F83537C256E1B1100C2345F /* Views */ = {
			isa = PBXGroup;
			children = (
				5F835377256DC9EE00C2345F /* ContentView.swift */,
				5F83532D256D96A600C2345F /* LoginView.swift */,
				5F835365256D9B3100C2345F /* WineBottleNav.swift */,
				5F83536A256DB5E800C2345F /* BottleRow.swift */,
				5F835380256E1B1C00C2345F /* BottleDetail.swift */,
				5F835385256E1DAC00C2345F /* BottleTextContent.swift */,
				5FE9A0B32570D98D00DB353B /* SearchBar.swift */,
				5FB2381E2572228300F69FE5 /* MapView.swift */,
				5F58CDD4257C9180005C4F5A /* WineMapView.swift */,
			);
			path = Views;
			sourceTree = "<group>";
		};
		5FFBFF65257EA27D0088BFE2 /* WineRegionsApp */ = {
			isa = PBXGroup;
			children = (
				5FFBFF66257EA27D0088BFE2 /* AppDelegate.swift */,
				5FFBFF68257EA27D0088BFE2 /* SceneDelegate.swift */,
				5FFBFF6A257EA27D0088BFE2 /* ContentView.swift */,
				5FFBFF6C257EA27E0088BFE2 /* Assets.xcassets */,
				5FFBFF71257EA27E0088BFE2 /* LaunchScreen.storyboard */,
				5FFBFF74257EA27E0088BFE2 /* Info.plist */,
				5FFBFF6E257EA27E0088BFE2 /* Preview Content */,
				5F345CC52587217900A88EF6 /* Views */,
			);
			path = WineRegionsApp;
			sourceTree = "<group>";
		};
		5FFBFF6E257EA27E0088BFE2 /* Preview Content */ = {
			isa = PBXGroup;
			children = (
				5FFBFF6F257EA27E0088BFE2 /* Preview Assets.xcassets */,
			);
			path = "Preview Content";
			sourceTree = "<group>";
		};
		5FFBFF7C257EA27E0088BFE2 /* WineRegionsAppTests */ = {
			isa = PBXGroup;
			children = (
				5FFBFF7D257EA27E0088BFE2 /* WineRegionsAppTests.swift */,
				5FFBFF7F257EA27E0088BFE2 /* Info.plist */,
			);
			path = WineRegionsAppTests;
			sourceTree = "<group>";
		};
		5FFBFF87257EA27E0088BFE2 /* WineRegionsAppUITests */ = {
			isa = PBXGroup;
			children = (
				5FFBFF88257EA27E0088BFE2 /* WineRegionsAppUITests.swift */,
				5FFBFF8A257EA27E0088BFE2 /* Info.plist */,
			);
			path = WineRegionsAppUITests;
			sourceTree = "<group>";
		};
/* End PBXGroup section */

/* Begin PBXNativeTarget section */
		5F835325256D96A600C2345F /* WineCellarApp */ = {
			isa = PBXNativeTarget;
			buildConfigurationList = 5F835350256D96AA00C2345F /* Build configuration list for PBXNativeTarget "WineCellarApp" */;
			buildPhases = (
				5F835322256D96A600C2345F /* Sources */,
				5F835323256D96A600C2345F /* Frameworks */,
				5F835324256D96A600C2345F /* Resources */,
			);
			buildRules = (
			);
			dependencies = (
			);
			name = WineCellarApp;
			packageProductDependencies = (
				5F017AA82595A71600AE92A8 /* WineCellar */,
			);
			productName = WineCellarApp;
			productReference = 5F835326256D96A600C2345F /* WineCellarApp.app */;
			productType = "com.apple.product-type.application";
		};
		5F83533B256D96AA00C2345F /* WineCellarAppTests */ = {
			isa = PBXNativeTarget;
			buildConfigurationList = 5F835353256D96AA00C2345F /* Build configuration list for PBXNativeTarget "WineCellarAppTests" */;
			buildPhases = (
				5F835338256D96AA00C2345F /* Sources */,
				5F835339256D96AA00C2345F /* Frameworks */,
				5F83533A256D96AA00C2345F /* Resources */,
			);
			buildRules = (
			);
			dependencies = (
				5F83533E256D96AA00C2345F /* PBXTargetDependency */,
			);
			name = WineCellarAppTests;
			productName = WineCellarAppTests;
			productReference = 5F83533C256D96AA00C2345F /* WineCellarAppTests.xctest */;
			productType = "com.apple.product-type.bundle.unit-test";
		};
		5F835346256D96AA00C2345F /* WineCellarAppUITests */ = {
			isa = PBXNativeTarget;
			buildConfigurationList = 5F835356256D96AA00C2345F /* Build configuration list for PBXNativeTarget "WineCellarAppUITests" */;
			buildPhases = (
				5F835343256D96AA00C2345F /* Sources */,
				5F835344256D96AA00C2345F /* Frameworks */,
				5F835345256D96AA00C2345F /* Resources */,
			);
			buildRules = (
			);
			dependencies = (
				5F835349256D96AA00C2345F /* PBXTargetDependency */,
			);
			name = WineCellarAppUITests;
			productName = WineCellarAppUITests;
			productReference = 5F835347256D96AA00C2345F /* WineCellarAppUITests.xctest */;
			productType = "com.apple.product-type.bundle.ui-testing";
		};
		5FFBFF63257EA27D0088BFE2 /* WineRegionsApp */ = {
			isa = PBXNativeTarget;
			buildConfigurationList = 5FFBFF91257EA27E0088BFE2 /* Build configuration list for PBXNativeTarget "WineRegionsApp" */;
			buildPhases = (
				5FFBFF60257EA27D0088BFE2 /* Sources */,
				5FFBFF61257EA27D0088BFE2 /* Frameworks */,
				5FFBFF62257EA27D0088BFE2 /* Resources */,
			);
			buildRules = (
			);
			dependencies = (
				5F227B2F258C6E5B00177EBA /* PBXTargetDependency */,
			);
			name = WineRegionsApp;
			packageProductDependencies = (
				5F017A9F2595A62300AE92A8 /* WineRegionLib */,
			);
			productName = WineRegionsApp;
			productReference = 5FFBFF64257EA27D0088BFE2 /* WineRegionsApp.app */;
			productType = "com.apple.product-type.application";
		};
		5FFBFF78257EA27E0088BFE2 /* WineRegionsAppTests */ = {
			isa = PBXNativeTarget;
			buildConfigurationList = 5FFBFF92257EA27E0088BFE2 /* Build configuration list for PBXNativeTarget "WineRegionsAppTests" */;
			buildPhases = (
				5FFBFF75257EA27E0088BFE2 /* Sources */,
				5FFBFF76257EA27E0088BFE2 /* Frameworks */,
				5FFBFF77257EA27E0088BFE2 /* Resources */,
			);
			buildRules = (
			);
			dependencies = (
				5FFBFF7B257EA27E0088BFE2 /* PBXTargetDependency */,
			);
			name = WineRegionsAppTests;
			productName = WineRegionsAppTests;
			productReference = 5FFBFF79257EA27E0088BFE2 /* WineRegionsAppTests.xctest */;
			productType = "com.apple.product-type.bundle.unit-test";
		};
		5FFBFF83257EA27E0088BFE2 /* WineRegionsAppUITests */ = {
			isa = PBXNativeTarget;
			buildConfigurationList = 5FFBFF93257EA27E0088BFE2 /* Build configuration list for PBXNativeTarget "WineRegionsAppUITests" */;
			buildPhases = (
				5FFBFF80257EA27E0088BFE2 /* Sources */,
				5FFBFF81257EA27E0088BFE2 /* Frameworks */,
				5FFBFF82257EA27E0088BFE2 /* Resources */,
			);
			buildRules = (
			);
			dependencies = (
				5FFBFF86257EA27E0088BFE2 /* PBXTargetDependency */,
			);
			name = WineRegionsAppUITests;
			packageProductDependencies = (
			);
			productName = WineRegionsAppUITests;
			productReference = 5FFBFF84257EA27E0088BFE2 /* WineRegionsAppUITests.xctest */;
			productType = "com.apple.product-type.bundle.ui-testing";
		};
/* End PBXNativeTarget section */

/* Begin PBXProject section */
		5F83531E256D96A600C2345F /* Project object */ = {
			isa = PBXProject;
			attributes = {
				LastSwiftUpdateCheck = 1220;
				LastUpgradeCheck = 1220;
				TargetAttributes = {
					5F835325256D96A600C2345F = {
						CreatedOnToolsVersion = 12.2;
					};
					5F83533B256D96AA00C2345F = {
						CreatedOnToolsVersion = 12.2;
						TestTargetID = 5F835325256D96A600C2345F;
					};
					5F835346256D96AA00C2345F = {
						CreatedOnToolsVersion = 12.2;
						TestTargetID = 5F835325256D96A600C2345F;
					};
					5FFBFF63257EA27D0088BFE2 = {
						CreatedOnToolsVersion = 12.2;
					};
					5FFBFF78257EA27E0088BFE2 = {
						CreatedOnToolsVersion = 12.2;
						TestTargetID = 5FFBFF63257EA27D0088BFE2;
					};
					5FFBFF83257EA27E0088BFE2 = {
						CreatedOnToolsVersion = 12.2;
						TestTargetID = 5FFBFF63257EA27D0088BFE2;
					};
				};
			};
			buildConfigurationList = 5F835321256D96A600C2345F /* Build configuration list for PBXProject "WineCellarApp" */;
			compatibilityVersion = "Xcode 9.3";
			developmentRegion = en;
			hasScannedForEncodings = 0;
			knownRegions = (
				en,
				Base,
			);
			mainGroup = 5F83531D256D96A600C2345F;
			packageReferences = (
				5F017A9E2595A62300AE92A8 /* XCRemoteSwiftPackageReference "WineRegionLib" */,
				5F017AA72595A71600AE92A8 /* XCRemoteSwiftPackageReference "WineCellar" */,
			);
			productRefGroup = 5F835327256D96A600C2345F /* Products */;
			projectDirPath = "";
			projectRoot = "";
			targets = (
				5F835325256D96A600C2345F /* WineCellarApp */,
				5F83533B256D96AA00C2345F /* WineCellarAppTests */,
				5F835346256D96AA00C2345F /* WineCellarAppUITests */,
				5FFBFF63257EA27D0088BFE2 /* WineRegionsApp */,
				5FFBFF78257EA27E0088BFE2 /* WineRegionsAppTests */,
				5FFBFF83257EA27E0088BFE2 /* WineRegionsAppUITests */,
			);
		};
/* End PBXProject section */

/* Begin PBXResourcesBuildPhase section */
		5F835324256D96A600C2345F /* Resources */ = {
			isa = PBXResourcesBuildPhase;
			buildActionMask = 2147483647;
			files = (
				5F835336256D96AA00C2345F /* LaunchScreen.storyboard in Resources */,
				5F835333256D96AA00C2345F /* Preview Assets.xcassets in Resources */,
				5F835330256D96AA00C2345F /* Assets.xcassets in Resources */,
			);
			runOnlyForDeploymentPostprocessing = 0;
		};
		5F83533A256D96AA00C2345F /* Resources */ = {
			isa = PBXResourcesBuildPhase;
			buildActionMask = 2147483647;
			files = (
			);
			runOnlyForDeploymentPostprocessing = 0;
		};
		5F835345256D96AA00C2345F /* Resources */ = {
			isa = PBXResourcesBuildPhase;
			buildActionMask = 2147483647;
			files = (
			);
			runOnlyForDeploymentPostprocessing = 0;
		};
		5FFBFF62257EA27D0088BFE2 /* Resources */ = {
			isa = PBXResourcesBuildPhase;
			buildActionMask = 2147483647;
			files = (
				5F10287525959F1B003A1121 /* newCalifornia.json in Resources */,
				5F117A1125959FD300926ABC /* newItaly.json in Resources */,
				5FFBFF73257EA27E0088BFE2 /* LaunchScreen.storyboard in Resources */,
				5FFBFF70257EA27E0088BFE2 /* Preview Assets.xcassets in Resources */,
				5FFBFF6D257EA27E0088BFE2 /* Assets.xcassets in Resources */,
			);
			runOnlyForDeploymentPostprocessing = 0;
		};
		5FFBFF77257EA27E0088BFE2 /* Resources */ = {
			isa = PBXResourcesBuildPhase;
			buildActionMask = 2147483647;
			files = (
			);
			runOnlyForDeploymentPostprocessing = 0;
		};
		5FFBFF82257EA27E0088BFE2 /* Resources */ = {
			isa = PBXResourcesBuildPhase;
			buildActionMask = 2147483647;
			files = (
			);
			runOnlyForDeploymentPostprocessing = 0;
		};
/* End PBXResourcesBuildPhase section */

/* Begin PBXSourcesBuildPhase section */
		5F835322256D96A600C2345F /* Sources */ = {
			isa = PBXSourcesBuildPhase;
			buildActionMask = 2147483647;
			files = (
				5F2AB7A02589E65B00E776D2 /* ExpandableButtonPanel.swift in Sources */,
				5F835366256D9B3100C2345F /* WineBottleNav.swift in Sources */,
				5F83532A256D96A600C2345F /* AppDelegate.swift in Sources */,
				5F835378256DC9EE00C2345F /* ContentView.swift in Sources */,
				5FB2381F2572228400F69FE5 /* MapView.swift in Sources */,
				5F83532C256D96A600C2345F /* SceneDelegate.swift in Sources */,
				5F835386256E1DAC00C2345F /* BottleTextContent.swift in Sources */,
				5FE9A0B42570D98D00DB353B /* SearchBar.swift in Sources */,
				5F6B6AF525886EF80078CE7A /* ExternalTileOverlay.swift in Sources */,
				5F83532E256D96A600C2345F /* LoginView.swift in Sources */,
				5F58CDD5257C9181005C4F5A /* WineMapView.swift in Sources */,
				5F58CDCD257B61AF005C4F5A /* BottleHelper.swift in Sources */,
				5F835381256E1B1C00C2345F /* BottleDetail.swift in Sources */,
				5F83536B256DB5E800C2345F /* BottleRow.swift in Sources */,
			);
			runOnlyForDeploymentPostprocessing = 0;
		};
		5F835338256D96AA00C2345F /* Sources */ = {
			isa = PBXSourcesBuildPhase;
			buildActionMask = 2147483647;
			files = (
				5F835341256D96AA00C2345F /* WineCellarAppTests.swift in Sources */,
			);
			runOnlyForDeploymentPostprocessing = 0;
		};
		5F835343256D96AA00C2345F /* Sources */ = {
			isa = PBXSourcesBuildPhase;
			buildActionMask = 2147483647;
			files = (
				5F83534C256D96AA00C2345F /* WineCellarAppUITests.swift in Sources */,
			);
			runOnlyForDeploymentPostprocessing = 0;
		};
		5FFBFF60257EA27D0088BFE2 /* Sources */ = {
			isa = PBXSourcesBuildPhase;
			buildActionMask = 2147483647;
			files = (
				5FFBFFA2257EA3240088BFE2 /* WineMapView.swift in Sources */,
				5FFBFF67257EA27D0088BFE2 /* AppDelegate.swift in Sources */,
				5F08FA5C257EA3AB00D4DBF2 /* MapView.swift in Sources */,
				5F345CBE2587211E00A88EF6 /* RegionNavigation.swift in Sources */,
				5FFBFF69257EA27D0088BFE2 /* SceneDelegate.swift in Sources */,
				5F345CD425872AC000A88EF6 /* SearchBar.swift in Sources */,
				5F6B6AFE258879130078CE7A /* ExpandableButtonPanel.swift in Sources */,
				5FFBFF6B257EA27D0088BFE2 /* ContentView.swift in Sources */,
				5F345CC72587219500A88EF6 /* RegionList.swift in Sources */,
				5F6B6AF625886EF80078CE7A /* ExternalTileOverlay.swift in Sources */,
			);
			runOnlyForDeploymentPostprocessing = 0;
		};
		5FFBFF75257EA27E0088BFE2 /* Sources */ = {
			isa = PBXSourcesBuildPhase;
			buildActionMask = 2147483647;
			files = (
				5FFBFF7E257EA27E0088BFE2 /* WineRegionsAppTests.swift in Sources */,
			);
			runOnlyForDeploymentPostprocessing = 0;
		};
		5FFBFF80257EA27E0088BFE2 /* Sources */ = {
			isa = PBXSourcesBuildPhase;
			buildActionMask = 2147483647;
			files = (
				5FFBFF89257EA27E0088BFE2 /* WineRegionsAppUITests.swift in Sources */,
			);
			runOnlyForDeploymentPostprocessing = 0;
		};
/* End PBXSourcesBuildPhase section */

/* Begin PBXTargetDependency section */
		5F227B2F258C6E5B00177EBA /* PBXTargetDependency */ = {
			isa = PBXTargetDependency;
			productRef = 5F227B2E258C6E5B00177EBA /* WineRegionLib */;
		};
		5F83533E256D96AA00C2345F /* PBXTargetDependency */ = {
			isa = PBXTargetDependency;
			target = 5F835325256D96A600C2345F /* WineCellarApp */;
			targetProxy = 5F83533D256D96AA00C2345F /* PBXContainerItemProxy */;
		};
		5F835349256D96AA00C2345F /* PBXTargetDependency */ = {
			isa = PBXTargetDependency;
			target = 5F835325256D96A600C2345F /* WineCellarApp */;
			targetProxy = 5F835348256D96AA00C2345F /* PBXContainerItemProxy */;
		};
		5FFBFF7B257EA27E0088BFE2 /* PBXTargetDependency */ = {
			isa = PBXTargetDependency;
			target = 5FFBFF63257EA27D0088BFE2 /* WineRegionsApp */;
			targetProxy = 5FFBFF7A257EA27E0088BFE2 /* PBXContainerItemProxy */;
		};
		5FFBFF86257EA27E0088BFE2 /* PBXTargetDependency */ = {
			isa = PBXTargetDependency;
			target = 5FFBFF63257EA27D0088BFE2 /* WineRegionsApp */;
			targetProxy = 5FFBFF85257EA27E0088BFE2 /* PBXContainerItemProxy */;
		};
/* End PBXTargetDependency section */

/* Begin PBXVariantGroup section */
		5F835334256D96AA00C2345F /* LaunchScreen.storyboard */ = {
			isa = PBXVariantGroup;
			children = (
				5F835335256D96AA00C2345F /* Base */,
			);
			name = LaunchScreen.storyboard;
			sourceTree = "<group>";
		};
		5FFBFF71257EA27E0088BFE2 /* LaunchScreen.storyboard */ = {
			isa = PBXVariantGroup;
			children = (
				5FFBFF72257EA27E0088BFE2 /* Base */,
			);
			name = LaunchScreen.storyboard;
			sourceTree = "<group>";
		};
/* End PBXVariantGroup section */

/* Begin XCBuildConfiguration section */
		5F83534E256D96AA00C2345F /* Debug */ = {
			isa = XCBuildConfiguration;
			buildSettings = {
				ALWAYS_SEARCH_USER_PATHS = NO;
				CLANG_ANALYZER_NONNULL = YES;
				CLANG_ANALYZER_NUMBER_OBJECT_CONVERSION = YES_AGGRESSIVE;
				CLANG_CXX_LANGUAGE_STANDARD = "gnu++14";
				CLANG_CXX_LIBRARY = "libc++";
				CLANG_ENABLE_MODULES = YES;
				CLANG_ENABLE_OBJC_ARC = YES;
				CLANG_ENABLE_OBJC_WEAK = YES;
				CLANG_WARN_BLOCK_CAPTURE_AUTORELEASING = YES;
				CLANG_WARN_BOOL_CONVERSION = YES;
				CLANG_WARN_COMMA = YES;
				CLANG_WARN_CONSTANT_CONVERSION = YES;
				CLANG_WARN_DEPRECATED_OBJC_IMPLEMENTATIONS = YES;
				CLANG_WARN_DIRECT_OBJC_ISA_USAGE = YES_ERROR;
				CLANG_WARN_DOCUMENTATION_COMMENTS = YES;
				CLANG_WARN_EMPTY_BODY = YES;
				CLANG_WARN_ENUM_CONVERSION = YES;
				CLANG_WARN_INFINITE_RECURSION = YES;
				CLANG_WARN_INT_CONVERSION = YES;
				CLANG_WARN_NON_LITERAL_NULL_CONVERSION = YES;
				CLANG_WARN_OBJC_IMPLICIT_RETAIN_SELF = YES;
				CLANG_WARN_OBJC_LITERAL_CONVERSION = YES;
				CLANG_WARN_OBJC_ROOT_CLASS = YES_ERROR;
				CLANG_WARN_QUOTED_INCLUDE_IN_FRAMEWORK_HEADER = YES;
				CLANG_WARN_RANGE_LOOP_ANALYSIS = YES;
				CLANG_WARN_STRICT_PROTOTYPES = YES;
				CLANG_WARN_SUSPICIOUS_MOVE = YES;
				CLANG_WARN_UNGUARDED_AVAILABILITY = YES_AGGRESSIVE;
				CLANG_WARN_UNREACHABLE_CODE = YES;
				CLANG_WARN__DUPLICATE_METHOD_MATCH = YES;
				COPY_PHASE_STRIP = NO;
				DEBUG_INFORMATION_FORMAT = dwarf;
				ENABLE_STRICT_OBJC_MSGSEND = YES;
				ENABLE_TESTABILITY = YES;
				GCC_C_LANGUAGE_STANDARD = gnu11;
				GCC_DYNAMIC_NO_PIC = NO;
				GCC_NO_COMMON_BLOCKS = YES;
				GCC_OPTIMIZATION_LEVEL = 0;
				GCC_PREPROCESSOR_DEFINITIONS = (
					"DEBUG=1",
					"$(inherited)",
				);
				GCC_WARN_64_TO_32_BIT_CONVERSION = YES;
				GCC_WARN_ABOUT_RETURN_TYPE = YES_ERROR;
				GCC_WARN_UNDECLARED_SELECTOR = YES;
				GCC_WARN_UNINITIALIZED_AUTOS = YES_AGGRESSIVE;
				GCC_WARN_UNUSED_FUNCTION = YES;
				GCC_WARN_UNUSED_VARIABLE = YES;
				IPHONEOS_DEPLOYMENT_TARGET = 14.2;
				MTL_ENABLE_DEBUG_INFO = INCLUDE_SOURCE;
				MTL_FAST_MATH = YES;
				ONLY_ACTIVE_ARCH = YES;
				SDKROOT = iphoneos;
				SWIFT_ACTIVE_COMPILATION_CONDITIONS = DEBUG;
				SWIFT_OPTIMIZATION_LEVEL = "-Onone";
			};
			name = Debug;
		};
		5F83534F256D96AA00C2345F /* Release */ = {
			isa = XCBuildConfiguration;
			buildSettings = {
				ALWAYS_SEARCH_USER_PATHS = NO;
				CLANG_ANALYZER_NONNULL = YES;
				CLANG_ANALYZER_NUMBER_OBJECT_CONVERSION = YES_AGGRESSIVE;
				CLANG_CXX_LANGUAGE_STANDARD = "gnu++14";
				CLANG_CXX_LIBRARY = "libc++";
				CLANG_ENABLE_MODULES = YES;
				CLANG_ENABLE_OBJC_ARC = YES;
				CLANG_ENABLE_OBJC_WEAK = YES;
				CLANG_WARN_BLOCK_CAPTURE_AUTORELEASING = YES;
				CLANG_WARN_BOOL_CONVERSION = YES;
				CLANG_WARN_COMMA = YES;
				CLANG_WARN_CONSTANT_CONVERSION = YES;
				CLANG_WARN_DEPRECATED_OBJC_IMPLEMENTATIONS = YES;
				CLANG_WARN_DIRECT_OBJC_ISA_USAGE = YES_ERROR;
				CLANG_WARN_DOCUMENTATION_COMMENTS = YES;
				CLANG_WARN_EMPTY_BODY = YES;
				CLANG_WARN_ENUM_CONVERSION = YES;
				CLANG_WARN_INFINITE_RECURSION = YES;
				CLANG_WARN_INT_CONVERSION = YES;
				CLANG_WARN_NON_LITERAL_NULL_CONVERSION = YES;
				CLANG_WARN_OBJC_IMPLICIT_RETAIN_SELF = YES;
				CLANG_WARN_OBJC_LITERAL_CONVERSION = YES;
				CLANG_WARN_OBJC_ROOT_CLASS = YES_ERROR;
				CLANG_WARN_QUOTED_INCLUDE_IN_FRAMEWORK_HEADER = YES;
				CLANG_WARN_RANGE_LOOP_ANALYSIS = YES;
				CLANG_WARN_STRICT_PROTOTYPES = YES;
				CLANG_WARN_SUSPICIOUS_MOVE = YES;
				CLANG_WARN_UNGUARDED_AVAILABILITY = YES_AGGRESSIVE;
				CLANG_WARN_UNREACHABLE_CODE = YES;
				CLANG_WARN__DUPLICATE_METHOD_MATCH = YES;
				COPY_PHASE_STRIP = NO;
				DEBUG_INFORMATION_FORMAT = "dwarf-with-dsym";
				ENABLE_NS_ASSERTIONS = NO;
				ENABLE_STRICT_OBJC_MSGSEND = YES;
				GCC_C_LANGUAGE_STANDARD = gnu11;
				GCC_NO_COMMON_BLOCKS = YES;
				GCC_WARN_64_TO_32_BIT_CONVERSION = YES;
				GCC_WARN_ABOUT_RETURN_TYPE = YES_ERROR;
				GCC_WARN_UNDECLARED_SELECTOR = YES;
				GCC_WARN_UNINITIALIZED_AUTOS = YES_AGGRESSIVE;
				GCC_WARN_UNUSED_FUNCTION = YES;
				GCC_WARN_UNUSED_VARIABLE = YES;
				IPHONEOS_DEPLOYMENT_TARGET = 14.2;
				MTL_ENABLE_DEBUG_INFO = NO;
				MTL_FAST_MATH = YES;
				SDKROOT = iphoneos;
				SWIFT_COMPILATION_MODE = wholemodule;
				SWIFT_OPTIMIZATION_LEVEL = "-O";
				VALIDATE_PRODUCT = YES;
			};
			name = Release;
		};
		5F835351256D96AA00C2345F /* Debug */ = {
			isa = XCBuildConfiguration;
			buildSettings = {
				ASSETCATALOG_COMPILER_APPICON_NAME = AppIcon;
				ASSETCATALOG_COMPILER_GLOBAL_ACCENT_COLOR_NAME = AccentColor;
				CODE_SIGN_STYLE = Automatic;
				DEVELOPMENT_ASSET_PATHS = "\"WineCellarApp/Preview Content\"";
				DEVELOPMENT_TEAM = F4WTN36U2F;
				ENABLE_PREVIEWS = YES;
				INFOPLIST_FILE = WineCellarApp/Info.plist;
				LD_RUNPATH_SEARCH_PATHS = (
					"$(inherited)",
					"@executable_path/Frameworks",
				);
				PRODUCT_BUNDLE_IDENTIFIER = io.thumbworks.WineCellarApp;
				PRODUCT_NAME = "$(TARGET_NAME)";
				SWIFT_VERSION = 5.0;
				TARGETED_DEVICE_FAMILY = "1,2";
			};
			name = Debug;
		};
		5F835352256D96AA00C2345F /* Release */ = {
			isa = XCBuildConfiguration;
			buildSettings = {
				ASSETCATALOG_COMPILER_APPICON_NAME = AppIcon;
				ASSETCATALOG_COMPILER_GLOBAL_ACCENT_COLOR_NAME = AccentColor;
				CODE_SIGN_STYLE = Automatic;
				DEVELOPMENT_ASSET_PATHS = "\"WineCellarApp/Preview Content\"";
				DEVELOPMENT_TEAM = F4WTN36U2F;
				ENABLE_PREVIEWS = YES;
				INFOPLIST_FILE = WineCellarApp/Info.plist;
				LD_RUNPATH_SEARCH_PATHS = (
					"$(inherited)",
					"@executable_path/Frameworks",
				);
				PRODUCT_BUNDLE_IDENTIFIER = io.thumbworks.WineCellarApp;
				PRODUCT_NAME = "$(TARGET_NAME)";
				SWIFT_VERSION = 5.0;
				TARGETED_DEVICE_FAMILY = "1,2";
			};
			name = Release;
		};
		5F835354256D96AA00C2345F /* Debug */ = {
			isa = XCBuildConfiguration;
			buildSettings = {
				ALWAYS_EMBED_SWIFT_STANDARD_LIBRARIES = YES;
				BUNDLE_LOADER = "$(TEST_HOST)";
				CODE_SIGN_STYLE = Automatic;
				DEVELOPMENT_TEAM = F4WTN36U2F;
				INFOPLIST_FILE = WineCellarAppTests/Info.plist;
				IPHONEOS_DEPLOYMENT_TARGET = 14.2;
				LD_RUNPATH_SEARCH_PATHS = (
					"$(inherited)",
					"@executable_path/Frameworks",
					"@loader_path/Frameworks",
				);
				PRODUCT_BUNDLE_IDENTIFIER = io.thumbworks.WineCellarAppTests;
				PRODUCT_NAME = "$(TARGET_NAME)";
				SWIFT_VERSION = 5.0;
				TARGETED_DEVICE_FAMILY = "1,2";
				TEST_HOST = "$(BUILT_PRODUCTS_DIR)/WineCellarApp.app/WineCellarApp";
			};
			name = Debug;
		};
		5F835355256D96AA00C2345F /* Release */ = {
			isa = XCBuildConfiguration;
			buildSettings = {
				ALWAYS_EMBED_SWIFT_STANDARD_LIBRARIES = YES;
				BUNDLE_LOADER = "$(TEST_HOST)";
				CODE_SIGN_STYLE = Automatic;
				DEVELOPMENT_TEAM = F4WTN36U2F;
				INFOPLIST_FILE = WineCellarAppTests/Info.plist;
				IPHONEOS_DEPLOYMENT_TARGET = 14.2;
				LD_RUNPATH_SEARCH_PATHS = (
					"$(inherited)",
					"@executable_path/Frameworks",
					"@loader_path/Frameworks",
				);
				PRODUCT_BUNDLE_IDENTIFIER = io.thumbworks.WineCellarAppTests;
				PRODUCT_NAME = "$(TARGET_NAME)";
				SWIFT_VERSION = 5.0;
				TARGETED_DEVICE_FAMILY = "1,2";
				TEST_HOST = "$(BUILT_PRODUCTS_DIR)/WineCellarApp.app/WineCellarApp";
			};
			name = Release;
		};
		5F835357256D96AA00C2345F /* Debug */ = {
			isa = XCBuildConfiguration;
			buildSettings = {
				ALWAYS_EMBED_SWIFT_STANDARD_LIBRARIES = YES;
				CODE_SIGN_STYLE = Automatic;
				DEVELOPMENT_TEAM = F4WTN36U2F;
				INFOPLIST_FILE = WineCellarAppUITests/Info.plist;
				LD_RUNPATH_SEARCH_PATHS = (
					"$(inherited)",
					"@executable_path/Frameworks",
					"@loader_path/Frameworks",
				);
				PRODUCT_BUNDLE_IDENTIFIER = io.thumbworks.WineCellarAppUITests;
				PRODUCT_NAME = "$(TARGET_NAME)";
				SWIFT_VERSION = 5.0;
				TARGETED_DEVICE_FAMILY = "1,2";
				TEST_TARGET_NAME = WineCellarApp;
			};
			name = Debug;
		};
		5F835358256D96AA00C2345F /* Release */ = {
			isa = XCBuildConfiguration;
			buildSettings = {
				ALWAYS_EMBED_SWIFT_STANDARD_LIBRARIES = YES;
				CODE_SIGN_STYLE = Automatic;
				DEVELOPMENT_TEAM = F4WTN36U2F;
				INFOPLIST_FILE = WineCellarAppUITests/Info.plist;
				LD_RUNPATH_SEARCH_PATHS = (
					"$(inherited)",
					"@executable_path/Frameworks",
					"@loader_path/Frameworks",
				);
				PRODUCT_BUNDLE_IDENTIFIER = io.thumbworks.WineCellarAppUITests;
				PRODUCT_NAME = "$(TARGET_NAME)";
				SWIFT_VERSION = 5.0;
				TARGETED_DEVICE_FAMILY = "1,2";
				TEST_TARGET_NAME = WineCellarApp;
			};
			name = Release;
		};
		5FFBFF8B257EA27E0088BFE2 /* Debug */ = {
			isa = XCBuildConfiguration;
			buildSettings = {
				ASSETCATALOG_COMPILER_APPICON_NAME = AppIcon;
				ASSETCATALOG_COMPILER_GLOBAL_ACCENT_COLOR_NAME = AccentColor;
				CODE_SIGN_STYLE = Automatic;
				DEVELOPMENT_ASSET_PATHS = "\"WineRegionsApp/Preview Content\"";
				DEVELOPMENT_TEAM = F4WTN36U2F;
				ENABLE_PREVIEWS = YES;
				INFOPLIST_FILE = WineRegionsApp/Info.plist;
				LD_RUNPATH_SEARCH_PATHS = (
					"$(inherited)",
					"@executable_path/Frameworks",
				);
				PRODUCT_BUNDLE_IDENTIFIER = io.thumbworks.WineRegionsApp;
				PRODUCT_NAME = "$(TARGET_NAME)";
				SWIFT_VERSION = 5.0;
				TARGETED_DEVICE_FAMILY = "1,2";
			};
			name = Debug;
		};
		5FFBFF8C257EA27E0088BFE2 /* Release */ = {
			isa = XCBuildConfiguration;
			buildSettings = {
				ASSETCATALOG_COMPILER_APPICON_NAME = AppIcon;
				ASSETCATALOG_COMPILER_GLOBAL_ACCENT_COLOR_NAME = AccentColor;
				CODE_SIGN_STYLE = Automatic;
				DEVELOPMENT_ASSET_PATHS = "\"WineRegionsApp/Preview Content\"";
				DEVELOPMENT_TEAM = F4WTN36U2F;
				ENABLE_PREVIEWS = YES;
				INFOPLIST_FILE = WineRegionsApp/Info.plist;
				LD_RUNPATH_SEARCH_PATHS = (
					"$(inherited)",
					"@executable_path/Frameworks",
				);
				PRODUCT_BUNDLE_IDENTIFIER = io.thumbworks.WineRegionsApp;
				PRODUCT_NAME = "$(TARGET_NAME)";
				SWIFT_VERSION = 5.0;
				TARGETED_DEVICE_FAMILY = "1,2";
			};
			name = Release;
		};
		5FFBFF8D257EA27E0088BFE2 /* Debug */ = {
			isa = XCBuildConfiguration;
			buildSettings = {
				ALWAYS_EMBED_SWIFT_STANDARD_LIBRARIES = YES;
				BUNDLE_LOADER = "$(TEST_HOST)";
				CODE_SIGN_STYLE = Automatic;
				DEVELOPMENT_TEAM = F4WTN36U2F;
				INFOPLIST_FILE = WineRegionsAppTests/Info.plist;
				IPHONEOS_DEPLOYMENT_TARGET = 14.2;
				LD_RUNPATH_SEARCH_PATHS = (
					"$(inherited)",
					"@executable_path/Frameworks",
					"@loader_path/Frameworks",
				);
				PRODUCT_BUNDLE_IDENTIFIER = io.thumbworks.WineRegionsAppTests;
				PRODUCT_NAME = "$(TARGET_NAME)";
				SWIFT_VERSION = 5.0;
				TARGETED_DEVICE_FAMILY = "1,2";
				TEST_HOST = "$(BUILT_PRODUCTS_DIR)/WineRegionsApp.app/WineRegionsApp";
			};
			name = Debug;
		};
		5FFBFF8E257EA27E0088BFE2 /* Release */ = {
			isa = XCBuildConfiguration;
			buildSettings = {
				ALWAYS_EMBED_SWIFT_STANDARD_LIBRARIES = YES;
				BUNDLE_LOADER = "$(TEST_HOST)";
				CODE_SIGN_STYLE = Automatic;
				DEVELOPMENT_TEAM = F4WTN36U2F;
				INFOPLIST_FILE = WineRegionsAppTests/Info.plist;
				IPHONEOS_DEPLOYMENT_TARGET = 14.2;
				LD_RUNPATH_SEARCH_PATHS = (
					"$(inherited)",
					"@executable_path/Frameworks",
					"@loader_path/Frameworks",
				);
				PRODUCT_BUNDLE_IDENTIFIER = io.thumbworks.WineRegionsAppTests;
				PRODUCT_NAME = "$(TARGET_NAME)";
				SWIFT_VERSION = 5.0;
				TARGETED_DEVICE_FAMILY = "1,2";
				TEST_HOST = "$(BUILT_PRODUCTS_DIR)/WineRegionsApp.app/WineRegionsApp";
			};
			name = Release;
		};
		5FFBFF8F257EA27E0088BFE2 /* Debug */ = {
			isa = XCBuildConfiguration;
			buildSettings = {
				ALWAYS_EMBED_SWIFT_STANDARD_LIBRARIES = YES;
				CODE_SIGN_STYLE = Automatic;
				DEVELOPMENT_TEAM = F4WTN36U2F;
				INFOPLIST_FILE = WineRegionsAppUITests/Info.plist;
				LD_RUNPATH_SEARCH_PATHS = (
					"$(inherited)",
					"@executable_path/Frameworks",
					"@loader_path/Frameworks",
				);
				PRODUCT_BUNDLE_IDENTIFIER = io.thumbworks.WineRegionsAppUITests;
				PRODUCT_NAME = "$(TARGET_NAME)";
				SWIFT_VERSION = 5.0;
				TARGETED_DEVICE_FAMILY = "1,2";
				TEST_TARGET_NAME = WineRegionsApp;
			};
			name = Debug;
		};
		5FFBFF90257EA27E0088BFE2 /* Release */ = {
			isa = XCBuildConfiguration;
			buildSettings = {
				ALWAYS_EMBED_SWIFT_STANDARD_LIBRARIES = YES;
				CODE_SIGN_STYLE = Automatic;
				DEVELOPMENT_TEAM = F4WTN36U2F;
				INFOPLIST_FILE = WineRegionsAppUITests/Info.plist;
				LD_RUNPATH_SEARCH_PATHS = (
					"$(inherited)",
					"@executable_path/Frameworks",
					"@loader_path/Frameworks",
				);
				PRODUCT_BUNDLE_IDENTIFIER = io.thumbworks.WineRegionsAppUITests;
				PRODUCT_NAME = "$(TARGET_NAME)";
				SWIFT_VERSION = 5.0;
				TARGETED_DEVICE_FAMILY = "1,2";
				TEST_TARGET_NAME = WineRegionsApp;
			};
			name = Release;
		};
/* End XCBuildConfiguration section */

/* Begin XCConfigurationList section */
		5F835321256D96A600C2345F /* Build configuration list for PBXProject "WineCellarApp" */ = {
			isa = XCConfigurationList;
			buildConfigurations = (
				5F83534E256D96AA00C2345F /* Debug */,
				5F83534F256D96AA00C2345F /* Release */,
			);
			defaultConfigurationIsVisible = 0;
			defaultConfigurationName = Release;
		};
		5F835350256D96AA00C2345F /* Build configuration list for PBXNativeTarget "WineCellarApp" */ = {
			isa = XCConfigurationList;
			buildConfigurations = (
				5F835351256D96AA00C2345F /* Debug */,
				5F835352256D96AA00C2345F /* Release */,
			);
			defaultConfigurationIsVisible = 0;
			defaultConfigurationName = Release;
		};
		5F835353256D96AA00C2345F /* Build configuration list for PBXNativeTarget "WineCellarAppTests" */ = {
			isa = XCConfigurationList;
			buildConfigurations = (
				5F835354256D96AA00C2345F /* Debug */,
				5F835355256D96AA00C2345F /* Release */,
			);
			defaultConfigurationIsVisible = 0;
			defaultConfigurationName = Release;
		};
		5F835356256D96AA00C2345F /* Build configuration list for PBXNativeTarget "WineCellarAppUITests" */ = {
			isa = XCConfigurationList;
			buildConfigurations = (
				5F835357256D96AA00C2345F /* Debug */,
				5F835358256D96AA00C2345F /* Release */,
			);
			defaultConfigurationIsVisible = 0;
			defaultConfigurationName = Release;
		};
		5FFBFF91257EA27E0088BFE2 /* Build configuration list for PBXNativeTarget "WineRegionsApp" */ = {
			isa = XCConfigurationList;
			buildConfigurations = (
				5FFBFF8B257EA27E0088BFE2 /* Debug */,
				5FFBFF8C257EA27E0088BFE2 /* Release */,
			);
			defaultConfigurationIsVisible = 0;
			defaultConfigurationName = Release;
		};
		5FFBFF92257EA27E0088BFE2 /* Build configuration list for PBXNativeTarget "WineRegionsAppTests" */ = {
			isa = XCConfigurationList;
			buildConfigurations = (
				5FFBFF8D257EA27E0088BFE2 /* Debug */,
				5FFBFF8E257EA27E0088BFE2 /* Release */,
			);
			defaultConfigurationIsVisible = 0;
			defaultConfigurationName = Release;
		};
		5FFBFF93257EA27E0088BFE2 /* Build configuration list for PBXNativeTarget "WineRegionsAppUITests" */ = {
			isa = XCConfigurationList;
			buildConfigurations = (
				5FFBFF8F257EA27E0088BFE2 /* Debug */,
				5FFBFF90257EA27E0088BFE2 /* Release */,
			);
			defaultConfigurationIsVisible = 0;
			defaultConfigurationName = Release;
		};
/* End XCConfigurationList section */

/* Begin XCRemoteSwiftPackageReference section */
		5F017A9E2595A62300AE92A8 /* XCRemoteSwiftPackageReference "WineRegionLib" */ = {
			isa = XCRemoteSwiftPackageReference;
			repositoryURL = "https://github.com/rodericj/WineRegionLib.git";
			requirement = {
				branch = main;
				kind = branch;
			};
		};
		5F017AA72595A71600AE92A8 /* XCRemoteSwiftPackageReference "WineCellar" */ = {
			isa = XCRemoteSwiftPackageReference;
			repositoryURL = "https://github.com/rodericj/WineCellar.git";
			requirement = {
				branch = main;
				kind = branch;
			};
		};
/* End XCRemoteSwiftPackageReference section */

/* Begin XCSwiftPackageProductDependency section */
		5F017A9F2595A62300AE92A8 /* WineRegionLib */ = {
			isa = XCSwiftPackageProductDependency;
			package = 5F017A9E2595A62300AE92A8 /* XCRemoteSwiftPackageReference "WineRegionLib" */;
			productName = WineRegionLib;
		};
		5F017AA82595A71600AE92A8 /* WineCellar */ = {
			isa = XCSwiftPackageProductDependency;
			package = 5F017AA72595A71600AE92A8 /* XCRemoteSwiftPackageReference "WineCellar" */;
			productName = WineCellar;
		};
		5F227B2E258C6E5B00177EBA /* WineRegionLib */ = {
			isa = XCSwiftPackageProductDependency;
			productName = WineRegionLib;
		};
/* End XCSwiftPackageProductDependency section */
	};
	rootObject = 5F83531E256D96A600C2345F /* Project object */;
}
